Microsoft Visual Studio Solution File, Format Version 12.00
# Visual Studio Version 17
VisualStudioVersion = 17.5.2.0
MinimumVisualStudioVersion = 10.0.40219.1
Project("{FAE04EC0-301F-11D3-BF4B-00C04F79EFBC}") = "MiniSalesOrderApp", "MiniSalesOrderApp\MiniSalesOrderApp.csproj", "{D62B5CC6-7583-FAD4-2D36-878B68C7BF95}"
EndProject
Global
	GlobalSection(SolutionConfigurationPlatforms) = preSolution
		Debug|Any CPU = Debug|Any CPU
		Release|Any CPU = Release|Any CPU
	EndGlobalSection
	GlobalSection(ProjectConfigurationPlatforms) = postSolution
		{D62B5CC6-7583-FAD4-2D36-878B68C7BF95}.Debug|Any CPU.ActiveCfg = Debug|Any CPU
		{D62B5CC6-7583-FAD4-2D36-878B68C7BF95}.Debug|Any CPU.Build.0 = Debug|Any CPU
		{D62B5CC6-7583-FAD4-2D36-878B68C7BF95}.Release|Any CPU.ActiveCfg = Release|Any CPU
		{D62B5CC6-7583-FAD4-2D36-878B68C7BF95}.Release|Any CPU.Build.0 = Release|Any CPU
	EndGlobalSection
	GlobalSection(SolutionProperties) = preSolution
		HideSolutionNode = FALSE
	EndGlobalSection
	GlobalSection(ExtensibilityGlobals) = postSolution
		SolutionGuid = {FF562FDE-D2CB-4A02-9659-D798CDF3702A}
	EndGlobalSection
EndGlobal
